// !$*UTF8*$!
{
	archiveVersion = 1;
	classes = {
	};
	objectVersion = 46;
	objects = {

/* Begin PBXBuildFile section */
		3661BC3E19FD3C9500A6F3CB /* LaunchViewController.swift in Sources */ = {isa = PBXBuildFile; fileRef = 3661BC3D19FD3C9500A6F3CB /* LaunchViewController.swift */; };
		36715A4419E478FA00D746DB /* AppDelegate.swift in Sources */ = {isa = PBXBuildFile; fileRef = 36715A4319E478FA00D746DB /* AppDelegate.swift */; };
		36715A4619E478FA00D746DB /* ViewController.swift in Sources */ = {isa = PBXBuildFile; fileRef = 36715A4519E478FA00D746DB /* ViewController.swift */; };
		36715A4919E478FA00D746DB /* Main.storyboard in Resources */ = {isa = PBXBuildFile; fileRef = 36715A4719E478FA00D746DB /* Main.storyboard */; };
		36715A4E19E478FA00D746DB /* LaunchScreen.xib in Resources */ = {isa = PBXBuildFile; fileRef = 36715A4C19E478FA00D746DB /* LaunchScreen.xib */; };
		36715A5A19E478FB00D746DB /* ObliqueStrategiesTests.swift in Sources */ = {isa = PBXBuildFile; fileRef = 36715A5919E478FB00D746DB /* ObliqueStrategiesTests.swift */; };
		36CF285419FF290700DE39D7 /* StackViewController.swift in Sources */ = {isa = PBXBuildFile; fileRef = 36CF285319FF290700DE39D7 /* StackViewController.swift */; };
		36F24CC61A00CA2400E523AE /* Images.xcassets in Resources */ = {isa = PBXBuildFile; fileRef = 36F24CC51A00CA2400E523AE /* Images.xcassets */; };
/* End PBXBuildFile section */

/* Begin PBXContainerItemProxy section */
		36715A5419E478FB00D746DB /* PBXContainerItemProxy */ = {
			isa = PBXContainerItemProxy;
			containerPortal = 36715A3619E478FA00D746DB /* Project object */;
			proxyType = 1;
			remoteGlobalIDString = 36715A3D19E478FA00D746DB;
			remoteInfo = ObliqueStrategies;
		};
/* End PBXContainerItemProxy section */

/* Begin PBXFileReference section */
		3661BC3D19FD3C9500A6F3CB /* LaunchViewController.swift */ = {isa = PBXFileReference; fileEncoding = 4; lastKnownFileType = sourcecode.swift; name = LaunchViewController.swift; path = ObliqueStrategies/LaunchViewController.swift; sourceTree = "<group>"; };
		36715A3E19E478FA00D746DB /* ObliqueStrategies.app */ = {isa = PBXFileReference; explicitFileType = wrapper.application; includeInIndex = 0; path = ObliqueStrategies.app; sourceTree = BUILT_PRODUCTS_DIR; };
		36715A4219E478FA00D746DB /* Info.plist */ = {isa = PBXFileReference; lastKnownFileType = text.plist.xml; path = Info.plist; sourceTree = "<group>"; };
		36715A4319E478FA00D746DB /* AppDelegate.swift */ = {isa = PBXFileReference; lastKnownFileType = sourcecode.swift; path = AppDelegate.swift; sourceTree = "<group>"; };
		36715A4519E478FA00D746DB /* ViewController.swift */ = {isa = PBXFileReference; lastKnownFileType = sourcecode.swift; path = ViewController.swift; sourceTree = "<group>"; };
		36715A4819E478FA00D746DB /* Base */ = {isa = PBXFileReference; lastKnownFileType = file.storyboard; name = Base; path = Base.lproj/Main.storyboard; sourceTree = "<group>"; };
		36715A4D19E478FA00D746DB /* Base */ = {isa = PBXFileReference; lastKnownFileType = file.xib; name = Base; path = Base.lproj/LaunchScreen.xib; sourceTree = "<group>"; };
		36715A5319E478FB00D746DB /* ObliqueStrategiesTests.xctest */ = {isa = PBXFileReference; explicitFileType = wrapper.cfbundle; includeInIndex = 0; path = ObliqueStrategiesTests.xctest; sourceTree = BUILT_PRODUCTS_DIR; };
		36715A5819E478FB00D746DB /* Info.plist */ = {isa = PBXFileReference; lastKnownFileType = text.plist.xml; path = Info.plist; sourceTree = "<group>"; };
		36715A5919E478FB00D746DB /* ObliqueStrategiesTests.swift */ = {isa = PBXFileReference; lastKnownFileType = sourcecode.swift; path = ObliqueStrategiesTests.swift; sourceTree = "<group>"; };
		36CC0CD619F8AFF100CB6173 /* MyPlayground.playground */ = {isa = PBXFileReference; lastKnownFileType = file.playground; path = MyPlayground.playground; sourceTree = "<group>"; };
		36CF285319FF290700DE39D7 /* StackViewController.swift */ = {isa = PBXFileReference; fileEncoding = 4; lastKnownFileType = sourcecode.swift; path = StackViewController.swift; sourceTree = "<group>"; };
		36F24CC51A00CA2400E523AE /* Images.xcassets */ = {isa = PBXFileReference; lastKnownFileType = folder.assetcatalog; name = Images.xcassets; path = ../../../../../.Trash/Images.xcassets; sourceTree = "<group>"; };
/* End PBXFileReference section */

/* Begin PBXFrameworksBuildPhase section */
		36715A3B19E478FA00D746DB /* Frameworks */ = {
			isa = PBXFrameworksBuildPhase;
			buildActionMask = 2147483647;
			files = (
			);
			runOnlyForDeploymentPostprocessing = 0;
		};
		36715A5019E478FB00D746DB /* Frameworks */ = {
			isa = PBXFrameworksBuildPhase;
			buildActionMask = 2147483647;
			files = (
			);
			runOnlyForDeploymentPostprocessing = 0;
		};
/* End PBXFrameworksBuildPhase section */

/* Begin PBXGroup section */
		36715A3519E478FA00D746DB = {
			isa = PBXGroup;
			children = (
				3661BC3D19FD3C9500A6F3CB /* LaunchViewController.swift */,
				36715A4019E478FA00D746DB /* ObliqueStrategies */,
				36715A5619E478FB00D746DB /* ObliqueStrategiesTests */,
				36715A3F19E478FA00D746DB /* Products */,
			);
			sourceTree = "<group>";
		};
		36715A3F19E478FA00D746DB /* Products */ = {
			isa = PBXGroup;
			children = (
				36715A3E19E478FA00D746DB /* ObliqueStrategies.app */,
				36715A5319E478FB00D746DB /* ObliqueStrategiesTests.xctest */,
			);
			name = Products;
			sourceTree = "<group>";
		};
		36715A4019E478FA00D746DB /* ObliqueStrategies */ = {
			isa = PBXGroup;
			children = (
				36F24CC51A00CA2400E523AE /* Images.xcassets */,
				36715A4319E478FA00D746DB /* AppDelegate.swift */,
				36715A4519E478FA00D746DB /* ViewController.swift */,
				36715A4719E478FA00D746DB /* Main.storyboard */,
				36CF285319FF290700DE39D7 /* StackViewController.swift */,
				36CC0CD619F8AFF100CB6173 /* MyPlayground.playground */,
				36715A4C19E478FA00D746DB /* LaunchScreen.xib */,
				36715A4119E478FA00D746DB /* Supporting Files */,
			);
			path = ObliqueStrategies;
			sourceTree = "<group>";
		};
		36715A4119E478FA00D746DB /* Supporting Files */ = {
			isa = PBXGroup;
			children = (
				36715A4219E478FA00D746DB /* Info.plist */,
			);
			name = "Supporting Files";
			sourceTree = "<group>";
		};
		36715A5619E478FB00D746DB /* ObliqueStrategiesTests */ = {
			isa = PBXGroup;
			children = (
				36715A5919E478FB00D746DB /* ObliqueStrategiesTests.swift */,
				36715A5719E478FB00D746DB /* Supporting Files */,
			);
			path = ObliqueStrategiesTests;
			sourceTree = "<group>";
		};
		36715A5719E478FB00D746DB /* Supporting Files */ = {
			isa = PBXGroup;
			children = (
				36715A5819E478FB00D746DB /* Info.plist */,
			);
			name = "Supporting Files";
			sourceTree = "<group>";
		};
/* End PBXGroup section */

/* Begin PBXNativeTarget section */
		36715A3D19E478FA00D746DB /* ObliqueStrategies */ = {
			isa = PBXNativeTarget;
			buildConfigurationList = 36715A5D19E478FB00D746DB /* Build configuration list for PBXNativeTarget "ObliqueStrategies" */;
			buildPhases = (
				36715A3A19E478FA00D746DB /* Sources */,
				36715A3B19E478FA00D746DB /* Frameworks */,
				36715A3C19E478FA00D746DB /* Resources */,
			);
			buildRules = (
			);
			dependencies = (
			);
			name = ObliqueStrategies;
			productName = ObliqueStrategies;
			productReference = 36715A3E19E478FA00D746DB /* ObliqueStrategies.app */;
			productType = "com.apple.product-type.application";
		};
		36715A5219E478FB00D746DB /* ObliqueStrategiesTests */ = {
			isa = PBXNativeTarget;
			buildConfigurationList = 36715A6019E478FB00D746DB /* Build configuration list for PBXNativeTarget "ObliqueStrategiesTests" */;
			buildPhases = (
				36715A4F19E478FB00D746DB /* Sources */,
				36715A5019E478FB00D746DB /* Frameworks */,
				36715A5119E478FB00D746DB /* Resources */,
			);
			buildRules = (
			);
			dependencies = (
				36715A5519E478FB00D746DB /* PBXTargetDependency */,
			);
			name = ObliqueStrategiesTests;
			productName = ObliqueStrategiesTests;
			productReference = 36715A5319E478FB00D746DB /* ObliqueStrategiesTests.xctest */;
			productType = "com.apple.product-type.bundle.unit-test";
		};
/* End PBXNativeTarget section */

/* Begin PBXProject section */
		36715A3619E478FA00D746DB /* Project object */ = {
			isa = PBXProject;
			attributes = {
				LastUpgradeCheck = 0600;
				ORGANIZATIONNAME = "Ryan Sims";
				TargetAttributes = {
					36715A3D19E478FA00D746DB = {
						CreatedOnToolsVersion = 6.0.1;
					};
					36715A5219E478FB00D746DB = {
						CreatedOnToolsVersion = 6.0.1;
						TestTargetID = 36715A3D19E478FA00D746DB;
					};
				};
			};
			buildConfigurationList = 36715A3919E478FA00D746DB /* Build configuration list for PBXProject "ObliqueStrategies" */;
			compatibilityVersion = "Xcode 3.2";
			developmentRegion = English;
			hasScannedForEncodings = 0;
			knownRegions = (
				en,
				Base,
			);
			mainGroup = 36715A3519E478FA00D746DB;
			productRefGroup = 36715A3F19E478FA00D746DB /* Products */;
			projectDirPath = "";
			projectRoot = "";
			targets = (
				36715A3D19E478FA00D746DB /* ObliqueStrategies */,
				36715A5219E478FB00D746DB /* ObliqueStrategiesTests */,
			);
		};
/* End PBXProject section */

/* Begin PBXResourcesBuildPhase section */
		36715A3C19E478FA00D746DB /* Resources */ = {
			isa = PBXResourcesBuildPhase;
			buildActionMask = 2147483647;
			files = (
				36F24CC61A00CA2400E523AE /* Images.xcassets in Resources */,
				36715A4919E478FA00D746DB /* Main.storyboard in Resources */,
				36715A4E19E478FA00D746DB /* LaunchScreen.xib in Resources */,
			);
			runOnlyForDeploymentPostprocessing = 0;
		};
		36715A5119E478FB00D746DB /* Resources */ = {
			isa = PBXResourcesBuildPhase;
			buildActionMask = 2147483647;
			files = (
			);
			runOnlyForDeploymentPostprocessing = 0;
		};
/* End PBXResourcesBuildPhase section */

/* Begin PBXSourcesBuildPhase section */
		36715A3A19E478FA00D746DB /* Sources */ = {
			isa = PBXSourcesBuildPhase;
			buildActionMask = 2147483647;
			files = (
				36715A4619E478FA00D746DB /* ViewController.swift in Sources */,
				36CF285419FF290700DE39D7 /* StackViewController.swift in Sources */,
				3661BC3E19FD3C9500A6F3CB /* LaunchViewController.swift in Sources */,
				36715A4419E478FA00D746DB /* AppDelegate.swift in Sources */,
			);
			runOnlyForDeploymentPostprocessing = 0;
		};
		36715A4F19E478FB00D746DB /* Sources */ = {
			isa = PBXSourcesBuildPhase;
			buildActionMask = 2147483647;
			files = (
				36715A5A19E478FB00D746DB /* ObliqueStrategiesTests.swift in Sources */,
			);
			runOnlyForDeploymentPostprocessing = 0;
		};
/* End PBXSourcesBuildPhase section */

/* Begin PBXTargetDependency section */
		36715A5519E478FB00D746DB /* PBXTargetDependency */ = {
			isa = PBXTargetDependency;
			target = 36715A3D19E478FA00D746DB /* ObliqueStrategies */;
			targetProxy = 36715A5419E478FB00D746DB /* PBXContainerItemProxy */;
		};
/* End PBXTargetDependency section */

/* Begin PBXVariantGroup section */
		36715A4719E478FA00D746DB /* Main.storyboard */ = {
			isa = PBXVariantGroup;
			children = (
				36715A4819E478FA00D746DB /* Base */,
			);
			name = Main.storyboard;
			sourceTree = "<group>";
		};
		36715A4C19E478FA00D746DB /* LaunchScreen.xib */ = {
			isa = PBXVariantGroup;
			children = (
				36715A4D19E478FA00D746DB /* Base */,
			);
			name = LaunchScreen.xib;
			sourceTree = "<group>";
		};
/* End PBXVariantGroup section */

/* Begin XCBuildConfiguration section */
		36715A5B19E478FB00D746DB /* Debug */ = {
			isa = XCBuildConfiguration;
			buildSettings = {
				ALWAYS_SEARCH_USER_PATHS = NO;
				CLANG_CXX_LANGUAGE_STANDARD = "gnu++0x";
				CLANG_CXX_LIBRARY = "libc++";
				CLANG_ENABLE_MODULES = YES;
				CLANG_ENABLE_OBJC_ARC = YES;
				CLANG_WARN_BOOL_CONVERSION = YES;
				CLANG_WARN_CONSTANT_CONVERSION = YES;
				CLANG_WARN_DIRECT_OBJC_ISA_USAGE = YES_ERROR;
				CLANG_WARN_EMPTY_BODY = YES;
				CLANG_WARN_ENUM_CONVERSION = YES;
				CLANG_WARN_INT_CONVERSION = YES;
				CLANG_WARN_OBJC_ROOT_CLASS = YES_ERROR;
				CLANG_WARN_UNREACHABLE_CODE = YES;
				CLANG_WARN__DUPLICATE_METHOD_MATCH = YES;
				"CODE_SIGN_IDENTITY[sdk=iphoneos*]" = "iPhone Developer";
				COPY_PHASE_STRIP = NO;
				ENABLE_STRICT_OBJC_MSGSEND = YES;
				GCC_C_LANGUAGE_STANDARD = gnu99;
				GCC_DYNAMIC_NO_PIC = NO;
				GCC_OPTIMIZATION_LEVEL = 0;
				GCC_PREPROCESSOR_DEFINITIONS = (
					"DEBUG=1",
					"$(inherited)",
				);
				GCC_SYMBOLS_PRIVATE_EXTERN = NO;
				GCC_WARN_64_TO_32_BIT_CONVERSION = YES;
				GCC_WARN_ABOUT_RETURN_TYPE = YES_ERROR;
				GCC_WARN_UNDECLARED_SELECTOR = YES;
				GCC_WARN_UNINITIALIZED_AUTOS = YES_AGGRESSIVE;
				GCC_WARN_UNUSED_FUNCTION = YES;
				GCC_WARN_UNUSED_VARIABLE = YES;
				IPHONEOS_DEPLOYMENT_TARGET = 8.0;
				MTL_ENABLE_DEBUG_INFO = YES;
				ONLY_ACTIVE_ARCH = YES;
				SDKROOT = iphoneos;
				SWIFT_OPTIMIZATION_LEVEL = "-Onone";
			};
			name = Debug;
		};
		36715A5C19E478FB00D746DB /* Release */ = {
			isa = XCBuildConfiguration;
			buildSettings = {
				ALWAYS_SEARCH_USER_PATHS = NO;
				CLANG_CXX_LANGUAGE_STANDARD = "gnu++0x";
				CLANG_CXX_LIBRARY = "libc++";
				CLANG_ENABLE_MODULES = YES;
				CLANG_ENABLE_OBJC_ARC = YES;
				CLANG_WARN_BOOL_CONVERSION = YES;
				CLANG_WARN_CONSTANT_CONVERSION = YES;
				CLANG_WARN_DIRECT_OBJC_ISA_USAGE = YES_ERROR;
				CLANG_WARN_EMPTY_BODY = YES;
				CLANG_WARN_ENUM_CONVERSION = YES;
				CLANG_WARN_INT_CONVERSION = YES;
				CLANG_WARN_OBJC_ROOT_CLASS = YES_ERROR;
				CLANG_WARN_UNREACHABLE_CODE = YES;
				CLANG_WARN__DUPLICATE_METHOD_MATCH = YES;
				"CODE_SIGN_IDENTITY[sdk=iphoneos*]" = "iPhone Developer";
				COPY_PHASE_STRIP = YES;
				ENABLE_NS_ASSERTIONS = NO;
				ENABLE_STRICT_OBJC_MSGSEND = YES;
				GCC_C_LANGUAGE_STANDARD = gnu99;
				GCC_WARN_64_TO_32_BIT_CONVERSION = YES;
				GCC_WARN_ABOUT_RETURN_TYPE = YES_ERROR;
				GCC_WARN_UNDECLARED_SELECTOR = YES;
				GCC_WARN_UNINITIALIZED_AUTOS = YES_AGGRESSIVE;
				GCC_WARN_UNUSED_FUNCTION = YES;
				GCC_WARN_UNUSED_VARIABLE = YES;
				IPHONEOS_DEPLOYMENT_TARGET = 8.0;
				MTL_ENABLE_DEBUG_INFO = NO;
				SDKROOT = iphoneos;
				VALIDATE_PRODUCT = YES;
			};
			name = Release;
		};
		36715A5E19E478FB00D746DB /* Debug */ = {
			isa = XCBuildConfiguration;
			buildSettings = {
				ASSETCATALOG_COMPILER_APPICON_NAME = AppIcon;
				INFOPLIST_FILE = ObliqueStrategies/Info.plist;
				LD_RUNPATH_SEARCH_PATHS = "$(inherited) @executable_path/Frameworks";
				PRODUCT_NAME = "$(TARGET_NAME)";
			};
			name = Debug;
		};
		36715A5F19E478FB00D746DB /* Release */ = {
			isa = XCBuildConfiguration;
			buildSettings = {
				ASSETCATALOG_COMPILER_APPICON_NAME = AppIcon;
				INFOPLIST_FILE = ObliqueStrategies/Info.plist;
				LD_RUNPATH_SEARCH_PATHS = "$(inherited) @executable_path/Frameworks";
				PRODUCT_NAME = "$(TARGET_NAME)";
			};
			name = Release;
		};
		36715A6119E478FB00D746DB /* Debug */ = {
			isa = XCBuildConfiguration;
			buildSettings = {
				BUNDLE_LOADER = "$(TEST_HOST)";
				FRAMEWORK_SEARCH_PATHS = (
					"$(SDKROOT)/Developer/Library/Frameworks",
					"$(inherited)",
				);
				GCC_PREPROCESSOR_DEFINITIONS = (
					"DEBUG=1",
					"$(inherited)",
				);
				INFOPLIST_FILE = ObliqueStrategiesTests/Info.plist;
				LD_RUNPATH_SEARCH_PATHS = "$(inherited) @executable_path/Frameworks @loader_path/Frameworks";
				PRODUCT_NAME = "$(TARGET_NAME)";
				TEST_HOST = "$(BUILT_PRODUCTS_DIR)/ObliqueStrategies.app/ObliqueStrategies";
			};
			name = Debug;
		};
		36715A6219E478FB00D746DB /* Release */ = {
			isa = XCBuildConfiguration;
			buildSettings = {
				BUNDLE_LOADER = "$(TEST_HOST)";
				FRAMEWORK_SEARCH_PATHS = (
					"$(SDKROOT)/Developer/Library/Frameworks",
					"$(inherited)",
				);
				INFOPLIST_FILE = ObliqueStrategiesTests/Info.plist;
				LD_RUNPATH_SEARCH_PATHS = "$(inherited) @executable_path/Frameworks @loader_path/Frameworks";
				PRODUCT_NAME = "$(TARGET_NAME)";
				TEST_HOST = "$(BUILT_PRODUCTS_DIR)/ObliqueStrategies.app/ObliqueStrategies";
			};
			name = Release;
		};
/* End XCBuildConfiguration section */

/* Begin XCConfigurationList section */
		36715A3919E478FA00D746DB /* Build configuration list for PBXProject "ObliqueStrategies" */ = {
			isa = XCConfigurationList;
			buildConfigurations = (
				36715A5B19E478FB00D746DB /* Debug */,
				36715A5C19E478FB00D746DB /* Release */,
			);
			defaultConfigurationIsVisible = 0;
			defaultConfigurationName = Release;
		};
		36715A5D19E478FB00D746DB /* Build configuration list for PBXNativeTarget "ObliqueStrategies" */ = {
			isa = XCConfigurationList;
			buildConfigurations = (
				36715A5E19E478FB00D746DB /* Debug */,
				36715A5F19E478FB00D746DB /* Release */,
			);
			defaultConfigurationIsVisible = 0;
			defaultConfigurationName = Release;
		};
		36715A6019E478FB00D746DB /* Build configuration list for PBXNativeTarget "ObliqueStrategiesTests" */ = {
			isa = XCConfigurationList;
			buildConfigurations = (
				36715A6119E478FB00D746DB /* Debug */,
				36715A6219E478FB00D746DB /* Release */,
			);
			defaultConfigurationIsVisible = 0;
			defaultConfigurationName = Release;
		};
/* End XCConfigurationList section */
	};
	rootObject = 36715A3619E478FA00D746DB /* Project object */;
}
